
Microsoft Visual Studio Solution File, Format Version 12.00
# Visual Studio Version 17
VisualStudioVersion = 17.3.32825.248
MinimumVisualStudioVersion = 10.0.40219.1
Project("{F184B08F-C81C-45F6-A57F-5ABD9991F28F}") = "ProyectoFinal", "ProyectoFinal\ProyectoFinal.vbproj", "{48688876-04BE-4ED0-9A0C-8EDD418CF8D2}"
EndProject
Project("{F184B08F-C81C-45F6-A57F-5ABD9991F28F}") = "CapaDato", "CapaDato\CapaDato.vbproj", "{1B629915-4D1D-43BF-A66F-DE8685C4EF02}"
EndProject
Project("{F184B08F-C81C-45F6-A57F-5ABD9991F28F}") = "CapaNegocio", "CapaNegocio\CapaNegocio.vbproj", "{9CC46E11-6325-48AB-A9FC-4B5470758BCC}"
EndProject
Global
	GlobalSection(SolutionConfigurationPlatforms) = preSolution
		Debug|Any CPU = Debug|Any CPU
		Release|Any CPU = Release|Any CPU
	EndGlobalSection
	GlobalSection(ProjectConfigurationPlatforms) = postSolution
		{48688876-04BE-4ED0-9A0C-8EDD418CF8D2}.Debug|Any CPU.ActiveCfg = Debug|Any CPU
		{48688876-04BE-4ED0-9A0C-8EDD418CF8D2}.Debug|Any CPU.Build.0 = Debug|Any CPU
		{48688876-04BE-4ED0-9A0C-8EDD418CF8D2}.Release|Any CPU.ActiveCfg = Release|Any CPU
		{48688876-04BE-4ED0-9A0C-8EDD418CF8D2}.Release|Any CPU.Build.0 = Release|Any CPU
		{1B629915-4D1D-43BF-A66F-DE8685C4EF02}.Debug|Any CPU.ActiveCfg = Debug|Any CPU
		{1B629915-4D1D-43BF-A66F-DE8685C4EF02}.Debug|Any CPU.Build.0 = Debug|Any CPU
		{1B629915-4D1D-43BF-A66F-DE8685C4EF02}.Release|Any CPU.ActiveCfg = Release|Any CPU
		{1B629915-4D1D-43BF-A66F-DE8685C4EF02}.Release|Any CPU.Build.0 = Release|Any CPU
		{9CC46E11-6325-48AB-A9FC-4B5470758BCC}.Debug|Any CPU.ActiveCfg = Debug|Any CPU
		{9CC46E11-6325-48AB-A9FC-4B5470758BCC}.Debug|Any CPU.Build.0 = Debug|Any CPU
		{9CC46E11-6325-48AB-A9FC-4B5470758BCC}.Release|Any CPU.ActiveCfg = Release|Any CPU
		{9CC46E11-6325-48AB-A9FC-4B5470758BCC}.Release|Any CPU.Build.0 = Release|Any CPU
	EndGlobalSection
	GlobalSection(SolutionProperties) = preSolution
		HideSolutionNode = FALSE
	EndGlobalSection
	GlobalSection(ExtensibilityGlobals) = postSolution
		SolutionGuid = {E2FC8E11-1E8C-49D8-AD98-E0A8FF4CBC67}
	EndGlobalSection
EndGlobal
